
Microsoft Visual Studio Solution File, Format Version 12.00
# Visual Studio Version 16
VisualStudioVersion = 16.0.32602.291
MinimumVisualStudioVersion = 10.0.40219.1
Project("{9A19103F-16F7-4668-BE54-9A1E7A4F7556}") = "ShoppingBasket", "ShoppingBasket\ShoppingBasket.csproj", "{5F5F2069-73EC-4767-B77E-DF9A4C1AA349}"
EndProject
Project("{FAE04EC0-301F-11D3-BF4B-00C04F79EFBC}") = "ShoppingBasket.Tests", "ShoppingBasket.Tests\ShoppingBasket.Tests.csproj", "{F03AB23A-2C4B-4322-844F-B0EF11E348B8}"
EndProject
Global
	GlobalSection(SolutionConfigurationPlatforms) = preSolution
		Debug|Any CPU = Debug|Any CPU
		Release|Any CPU = Release|Any CPU
	EndGlobalSection
	GlobalSection(ProjectConfigurationPlatforms) = postSolution
		{5F5F2069-73EC-4767-B77E-DF9A4C1AA349}.Debug|Any CPU.ActiveCfg = Debug|Any CPU
		{5F5F2069-73EC-4767-B77E-DF9A4C1AA349}.Debug|Any CPU.Build.0 = Debug|Any CPU
		{5F5F2069-73EC-4767-B77E-DF9A4C1AA349}.Release|Any CPU.ActiveCfg = Release|Any CPU
		{5F5F2069-73EC-4767-B77E-DF9A4C1AA349}.Release|Any CPU.Build.0 = Release|Any CPU
		{F03AB23A-2C4B-4322-844F-B0EF11E348B8}.Debug|Any CPU.ActiveCfg = Debug|Any CPU
		{F03AB23A-2C4B-4322-844F-B0EF11E348B8}.Debug|Any CPU.Build.0 = Debug|Any CPU
		{F03AB23A-2C4B-4322-844F-B0EF11E348B8}.Release|Any CPU.ActiveCfg = Release|Any CPU
		{F03AB23A-2C4B-4322-844F-B0EF11E348B8}.Release|Any CPU.Build.0 = Release|Any CPU
	EndGlobalSection
	GlobalSection(SolutionProperties) = preSolution
		HideSolutionNode = FALSE
	EndGlobalSection
	GlobalSection(ExtensibilityGlobals) = postSolution
		SolutionGuid = {81952FCB-F4B1-47CF-BA18-3D8B2880364B}
	EndGlobalSection
EndGlobal
